// !$*UTF8*$!
{
	archiveVersion = 1;
	classes = {
	};
	objectVersion = 55;
	objects = {

/* Begin PBXBuildFile section */
		4AE7C4DB4FAF49DE9C9F9421 /* Pods_KeepQuantizeYourself.framework in Frameworks */ = {isa = PBXBuildFile; fileRef = 372D920A5C75A3C7915395B6 /* Pods_KeepQuantizeYourself.framework */; };
		6876EA9B279D367600519CA0 /* AppDelegate.m in Sources */ = {isa = PBXBuildFile; fileRef = 6876EA9A279D367600519CA0 /* AppDelegate.m */; };
		6876EA9E279D367600519CA0 /* SceneDelegate.m in Sources */ = {isa = PBXBuildFile; fileRef = 6876EA9D279D367600519CA0 /* SceneDelegate.m */; };
		6876EAA1279D367600519CA0 /* ViewController.m in Sources */ = {isa = PBXBuildFile; fileRef = 6876EAA0279D367600519CA0 /* ViewController.m */; };
		6876EAA4279D367600519CA0 /* Main.storyboard in Resources */ = {isa = PBXBuildFile; fileRef = 6876EAA2279D367600519CA0 /* Main.storyboard */; };
		6876EAA6279D367800519CA0 /* Assets.xcassets in Resources */ = {isa = PBXBuildFile; fileRef = 6876EAA5279D367800519CA0 /* Assets.xcassets */; };
		6876EAA9279D367800519CA0 /* LaunchScreen.storyboard in Resources */ = {isa = PBXBuildFile; fileRef = 6876EAA7279D367800519CA0 /* LaunchScreen.storyboard */; };
		6876EAAC279D367800519CA0 /* main.m in Sources */ = {isa = PBXBuildFile; fileRef = 6876EAAB279D367800519CA0 /* main.m */; };
		6876EAB6279D367800519CA0 /* KeepQuantizeYourselfTests.m in Sources */ = {isa = PBXBuildFile; fileRef = 6876EAB5279D367800519CA0 /* KeepQuantizeYourselfTests.m */; };
		6876EAC0279D367800519CA0 /* KeepQuantizeYourselfUITests.m in Sources */ = {isa = PBXBuildFile; fileRef = 6876EABF279D367800519CA0 /* KeepQuantizeYourselfUITests.m */; };
		6876EAC2279D367800519CA0 /* KeepQuantizeYourselfUITestsLaunchTests.m in Sources */ = {isa = PBXBuildFile; fileRef = 6876EAC1279D367800519CA0 /* KeepQuantizeYourselfUITestsLaunchTests.m */; };
		68B7679B279D5AE700C1882F /* KQYRecordIntakePage.m in Sources */ = {isa = PBXBuildFile; fileRef = 68B7679A279D5AE700C1882F /* KQYRecordIntakePage.m */; };
		68B7679E279D5C1200C1882F /* KQYIntakeView.m in Sources */ = {isa = PBXBuildFile; fileRef = 68B7679D279D5C1200C1882F /* KQYIntakeView.m */; };
		68B767A1279D5DA100C1882F /* KQYIntakeTableViewCell.m in Sources */ = {isa = PBXBuildFile; fileRef = 68B767A0279D5DA100C1882F /* KQYIntakeTableViewCell.m */; };
		68B767A4279D5E4500C1882F /* KQYIntakeViewModel.m in Sources */ = {isa = PBXBuildFile; fileRef = 68B767A3279D5E4400C1882F /* KQYIntakeViewModel.m */; };
		AC0340D0F8156AAAAB106440 /* Pods_KeepQuantizeYourself_KeepQuantizeYourselfUITests.framework in Frameworks */ = {isa = PBXBuildFile; fileRef = ADF43A07D99C59FC3A2D4A01 /* Pods_KeepQuantizeYourself_KeepQuantizeYourselfUITests.framework */; };
		C0927130A00D8867A3CFD5DF /* Pods_KeepQuantizeYourselfTests.framework in Frameworks */ = {isa = PBXBuildFile; fileRef = 424C81C9DE0EB21C645BB3B3 /* Pods_KeepQuantizeYourselfTests.framework */; };
/* End PBXBuildFile section */

/* Begin PBXContainerItemProxy section */
		6876EAB2279D367800519CA0 /* PBXContainerItemProxy */ = {
			isa = PBXContainerItemProxy;
			containerPortal = 6876EA8E279D367600519CA0 /* Project object */;
			proxyType = 1;
			remoteGlobalIDString = 6876EA95279D367600519CA0;
			remoteInfo = KeepQuantizeYourself;
		};
		6876EABC279D367800519CA0 /* PBXContainerItemProxy */ = {
			isa = PBXContainerItemProxy;
			containerPortal = 6876EA8E279D367600519CA0 /* Project object */;
			proxyType = 1;
			remoteGlobalIDString = 6876EA95279D367600519CA0;
			remoteInfo = KeepQuantizeYourself;
		};
/* End PBXContainerItemProxy section */

/* Begin PBXFileReference section */
		028630A2ABFC90C489D37DEB /* Pods-KeepQuantizeYourselfTests.debug.xcconfig */ = {isa = PBXFileReference; includeInIndex = 1; lastKnownFileType = text.xcconfig; name = "Pods-KeepQuantizeYourselfTests.debug.xcconfig"; path = "Target Support Files/Pods-KeepQuantizeYourselfTests/Pods-KeepQuantizeYourselfTests.debug.xcconfig"; sourceTree = "<group>"; };
		372D920A5C75A3C7915395B6 /* Pods_KeepQuantizeYourself.framework */ = {isa = PBXFileReference; explicitFileType = wrapper.framework; includeInIndex = 0; path = Pods_KeepQuantizeYourself.framework; sourceTree = BUILT_PRODUCTS_DIR; };
		424C81C9DE0EB21C645BB3B3 /* Pods_KeepQuantizeYourselfTests.framework */ = {isa = PBXFileReference; explicitFileType = wrapper.framework; includeInIndex = 0; path = Pods_KeepQuantizeYourselfTests.framework; sourceTree = BUILT_PRODUCTS_DIR; };
		4611161EBDF3C52E775AB783 /* Pods-KeepQuantizeYourself-KeepQuantizeYourselfUITests.release.xcconfig */ = {isa = PBXFileReference; includeInIndex = 1; lastKnownFileType = text.xcconfig; name = "Pods-KeepQuantizeYourself-KeepQuantizeYourselfUITests.release.xcconfig"; path = "Target Support Files/Pods-KeepQuantizeYourself-KeepQuantizeYourselfUITests/Pods-KeepQuantizeYourself-KeepQuantizeYourselfUITests.release.xcconfig"; sourceTree = "<group>"; };
		6876EA96279D367600519CA0 /* KeepQuantizeYourself.app */ = {isa = PBXFileReference; explicitFileType = wrapper.application; includeInIndex = 0; path = KeepQuantizeYourself.app; sourceTree = BUILT_PRODUCTS_DIR; };
		6876EA99279D367600519CA0 /* AppDelegate.h */ = {isa = PBXFileReference; lastKnownFileType = sourcecode.c.h; path = AppDelegate.h; sourceTree = "<group>"; };
		6876EA9A279D367600519CA0 /* AppDelegate.m */ = {isa = PBXFileReference; lastKnownFileType = sourcecode.c.objc; path = AppDelegate.m; sourceTree = "<group>"; };
		6876EA9C279D367600519CA0 /* SceneDelegate.h */ = {isa = PBXFileReference; lastKnownFileType = sourcecode.c.h; path = SceneDelegate.h; sourceTree = "<group>"; };
		6876EA9D279D367600519CA0 /* SceneDelegate.m */ = {isa = PBXFileReference; lastKnownFileType = sourcecode.c.objc; path = SceneDelegate.m; sourceTree = "<group>"; };
		6876EA9F279D367600519CA0 /* ViewController.h */ = {isa = PBXFileReference; lastKnownFileType = sourcecode.c.h; path = ViewController.h; sourceTree = "<group>"; };
		6876EAA0279D367600519CA0 /* ViewController.m */ = {isa = PBXFileReference; lastKnownFileType = sourcecode.c.objc; path = ViewController.m; sourceTree = "<group>"; };
		6876EAA3279D367600519CA0 /* Base */ = {isa = PBXFileReference; lastKnownFileType = file.storyboard; name = Base; path = Base.lproj/Main.storyboard; sourceTree = "<group>"; };
		6876EAA5279D367800519CA0 /* Assets.xcassets */ = {isa = PBXFileReference; lastKnownFileType = folder.assetcatalog; path = Assets.xcassets; sourceTree = "<group>"; };
		6876EAA8279D367800519CA0 /* Base */ = {isa = PBXFileReference; lastKnownFileType = file.storyboard; name = Base; path = Base.lproj/LaunchScreen.storyboard; sourceTree = "<group>"; };
		6876EAAA279D367800519CA0 /* Info.plist */ = {isa = PBXFileReference; lastKnownFileType = text.plist.xml; path = Info.plist; sourceTree = "<group>"; };
		6876EAAB279D367800519CA0 /* main.m */ = {isa = PBXFileReference; lastKnownFileType = sourcecode.c.objc; path = main.m; sourceTree = "<group>"; };
		6876EAB1279D367800519CA0 /* KeepQuantizeYourselfTests.xctest */ = {isa = PBXFileReference; explicitFileType = wrapper.cfbundle; includeInIndex = 0; path = KeepQuantizeYourselfTests.xctest; sourceTree = BUILT_PRODUCTS_DIR; };
		6876EAB5279D367800519CA0 /* KeepQuantizeYourselfTests.m */ = {isa = PBXFileReference; lastKnownFileType = sourcecode.c.objc; path = KeepQuantizeYourselfTests.m; sourceTree = "<group>"; };
		6876EABB279D367800519CA0 /* KeepQuantizeYourselfUITests.xctest */ = {isa = PBXFileReference; explicitFileType = wrapper.cfbundle; includeInIndex = 0; path = KeepQuantizeYourselfUITests.xctest; sourceTree = BUILT_PRODUCTS_DIR; };
		6876EABF279D367800519CA0 /* KeepQuantizeYourselfUITests.m */ = {isa = PBXFileReference; lastKnownFileType = sourcecode.c.objc; path = KeepQuantizeYourselfUITests.m; sourceTree = "<group>"; };
		6876EAC1279D367800519CA0 /* KeepQuantizeYourselfUITestsLaunchTests.m */ = {isa = PBXFileReference; lastKnownFileType = sourcecode.c.objc; path = KeepQuantizeYourselfUITestsLaunchTests.m; sourceTree = "<group>"; };
		68B76799279D5AE700C1882F /* KQYRecordIntakePage.h */ = {isa = PBXFileReference; lastKnownFileType = sourcecode.c.h; path = KQYRecordIntakePage.h; sourceTree = "<group>"; };
		68B7679A279D5AE700C1882F /* KQYRecordIntakePage.m */ = {isa = PBXFileReference; lastKnownFileType = sourcecode.c.objc; path = KQYRecordIntakePage.m; sourceTree = "<group>"; };
		68B7679C279D5C1200C1882F /* KQYIntakeView.h */ = {isa = PBXFileReference; lastKnownFileType = sourcecode.c.h; path = KQYIntakeView.h; sourceTree = "<group>"; };
		68B7679D279D5C1200C1882F /* KQYIntakeView.m */ = {isa = PBXFileReference; lastKnownFileType = sourcecode.c.objc; path = KQYIntakeView.m; sourceTree = "<group>"; };
		68B7679F279D5DA100C1882F /* KQYIntakeTableViewCell.h */ = {isa = PBXFileReference; lastKnownFileType = sourcecode.c.h; path = KQYIntakeTableViewCell.h; sourceTree = "<group>"; };
		68B767A0279D5DA100C1882F /* KQYIntakeTableViewCell.m */ = {isa = PBXFileReference; lastKnownFileType = sourcecode.c.objc; path = KQYIntakeTableViewCell.m; sourceTree = "<group>"; };
		68B767A2279D5E4400C1882F /* KQYIntakeViewModel.h */ = {isa = PBXFileReference; lastKnownFileType = sourcecode.c.h; path = KQYIntakeViewModel.h; sourceTree = "<group>"; };
		68B767A3279D5E4400C1882F /* KQYIntakeViewModel.m */ = {isa = PBXFileReference; lastKnownFileType = sourcecode.c.objc; path = KQYIntakeViewModel.m; sourceTree = "<group>"; };
		764FD9F08B06901D7CDA5DAA /* Pods-KeepQuantizeYourself.release.xcconfig */ = {isa = PBXFileReference; includeInIndex = 1; lastKnownFileType = text.xcconfig; name = "Pods-KeepQuantizeYourself.release.xcconfig"; path = "Target Support Files/Pods-KeepQuantizeYourself/Pods-KeepQuantizeYourself.release.xcconfig"; sourceTree = "<group>"; };
		ADF43A07D99C59FC3A2D4A01 /* Pods_KeepQuantizeYourself_KeepQuantizeYourselfUITests.framework */ = {isa = PBXFileReference; explicitFileType = wrapper.framework; includeInIndex = 0; path = Pods_KeepQuantizeYourself_KeepQuantizeYourselfUITests.framework; sourceTree = BUILT_PRODUCTS_DIR; };
		D17E1A84457774520C4D77C7 /* Pods-KeepQuantizeYourself.debug.xcconfig */ = {isa = PBXFileReference; includeInIndex = 1; lastKnownFileType = text.xcconfig; name = "Pods-KeepQuantizeYourself.debug.xcconfig"; path = "Target Support Files/Pods-KeepQuantizeYourself/Pods-KeepQuantizeYourself.debug.xcconfig"; sourceTree = "<group>"; };
		F1175D9EC33C76A6A161F9B8 /* Pods-KeepQuantizeYourself-KeepQuantizeYourselfUITests.debug.xcconfig */ = {isa = PBXFileReference; includeInIndex = 1; lastKnownFileType = text.xcconfig; name = "Pods-KeepQuantizeYourself-KeepQuantizeYourselfUITests.debug.xcconfig"; path = "Target Support Files/Pods-KeepQuantizeYourself-KeepQuantizeYourselfUITests/Pods-KeepQuantizeYourself-KeepQuantizeYourselfUITests.debug.xcconfig"; sourceTree = "<group>"; };
		F91C0D2B01534128008CC3F3 /* Pods-KeepQuantizeYourselfTests.release.xcconfig */ = {isa = PBXFileReference; includeInIndex = 1; lastKnownFileType = text.xcconfig; name = "Pods-KeepQuantizeYourselfTests.release.xcconfig"; path = "Target Support Files/Pods-KeepQuantizeYourselfTests/Pods-KeepQuantizeYourselfTests.release.xcconfig"; sourceTree = "<group>"; };
/* End PBXFileReference section */

/* Begin PBXFrameworksBuildPhase section */
		6876EA93279D367600519CA0 /* Frameworks */ = {
			isa = PBXFrameworksBuildPhase;
			buildActionMask = 2147483647;
			files = (
				4AE7C4DB4FAF49DE9C9F9421 /* Pods_KeepQuantizeYourself.framework in Frameworks */,
			);
			runOnlyForDeploymentPostprocessing = 0;
		};
		6876EAAE279D367800519CA0 /* Frameworks */ = {
			isa = PBXFrameworksBuildPhase;
			buildActionMask = 2147483647;
			files = (
				C0927130A00D8867A3CFD5DF /* Pods_KeepQuantizeYourselfTests.framework in Frameworks */,
			);
			runOnlyForDeploymentPostprocessing = 0;
		};
		6876EAB8279D367800519CA0 /* Frameworks */ = {
			isa = PBXFrameworksBuildPhase;
			buildActionMask = 2147483647;
			files = (
				AC0340D0F8156AAAAB106440 /* Pods_KeepQuantizeYourself_KeepQuantizeYourselfUITests.framework in Frameworks */,
			);
			runOnlyForDeploymentPostprocessing = 0;
		};
/* End PBXFrameworksBuildPhase section */

/* Begin PBXGroup section */
		520CEF6CC4299DED12C2D129 /* Pods */ = {
			isa = PBXGroup;
			children = (
				D17E1A84457774520C4D77C7 /* Pods-KeepQuantizeYourself.debug.xcconfig */,
				764FD9F08B06901D7CDA5DAA /* Pods-KeepQuantizeYourself.release.xcconfig */,
				F1175D9EC33C76A6A161F9B8 /* Pods-KeepQuantizeYourself-KeepQuantizeYourselfUITests.debug.xcconfig */,
				4611161EBDF3C52E775AB783 /* Pods-KeepQuantizeYourself-KeepQuantizeYourselfUITests.release.xcconfig */,
				028630A2ABFC90C489D37DEB /* Pods-KeepQuantizeYourselfTests.debug.xcconfig */,
				F91C0D2B01534128008CC3F3 /* Pods-KeepQuantizeYourselfTests.release.xcconfig */,
			);
			path = Pods;
			sourceTree = "<group>";
		};
		5839E2154039AD70749A022A /* Frameworks */ = {
			isa = PBXGroup;
			children = (
				372D920A5C75A3C7915395B6 /* Pods_KeepQuantizeYourself.framework */,
				ADF43A07D99C59FC3A2D4A01 /* Pods_KeepQuantizeYourself_KeepQuantizeYourselfUITests.framework */,
				424C81C9DE0EB21C645BB3B3 /* Pods_KeepQuantizeYourselfTests.framework */,
			);
			name = Frameworks;
			sourceTree = "<group>";
		};
		6876EA8D279D367600519CA0 = {
			isa = PBXGroup;
			children = (
				6876EA98279D367600519CA0 /* KeepQuantizeYourself */,
				6876EAB4279D367800519CA0 /* KeepQuantizeYourselfTests */,
				6876EABE279D367800519CA0 /* KeepQuantizeYourselfUITests */,
				6876EA97279D367600519CA0 /* Products */,
				520CEF6CC4299DED12C2D129 /* Pods */,
				5839E2154039AD70749A022A /* Frameworks */,
			);
			sourceTree = "<group>";
		};
		6876EA97279D367600519CA0 /* Products */ = {
			isa = PBXGroup;
			children = (
				6876EA96279D367600519CA0 /* KeepQuantizeYourself.app */,
				6876EAB1279D367800519CA0 /* KeepQuantizeYourselfTests.xctest */,
				6876EABB279D367800519CA0 /* KeepQuantizeYourselfUITests.xctest */,
			);
			name = Products;
			sourceTree = "<group>";
		};
		6876EA98279D367600519CA0 /* KeepQuantizeYourself */ = {
			isa = PBXGroup;
			children = (
				6876EA99279D367600519CA0 /* AppDelegate.h */,
				6876EA9A279D367600519CA0 /* AppDelegate.m */,
				6876EA9C279D367600519CA0 /* SceneDelegate.h */,
				6876EA9D279D367600519CA0 /* SceneDelegate.m */,
				6876EA9F279D367600519CA0 /* ViewController.h */,
				6876EAA0279D367600519CA0 /* ViewController.m */,
				68B76798279D5AB500C1882F /* personCenter */,
				68B76796279D5A6A00C1882F /* recordIntake */,
				6876EAA2279D367600519CA0 /* Main.storyboard */,
				6876EAA5279D367800519CA0 /* Assets.xcassets */,
				6876EAA7279D367800519CA0 /* LaunchScreen.storyboard */,
				6876EAAA279D367800519CA0 /* Info.plist */,
				6876EAAB279D367800519CA0 /* main.m */,
			);
			path = KeepQuantizeYourself;
			sourceTree = "<group>";
		};
		6876EAB4279D367800519CA0 /* KeepQuantizeYourselfTests */ = {
			isa = PBXGroup;
			children = (
				6876EAB5279D367800519CA0 /* KeepQuantizeYourselfTests.m */,
			);
			path = KeepQuantizeYourselfTests;
			sourceTree = "<group>";
		};
		6876EABE279D367800519CA0 /* KeepQuantizeYourselfUITests */ = {
			isa = PBXGroup;
			children = (
				6876EABF279D367800519CA0 /* KeepQuantizeYourselfUITests.m */,
				6876EAC1279D367800519CA0 /* KeepQuantizeYourselfUITestsLaunchTests.m */,
			);
			path = KeepQuantizeYourselfUITests;
			sourceTree = "<group>";
		};
		68B76796279D5A6A00C1882F /* recordIntake */ = {
			isa = PBXGroup;
			children = (
				68B76799279D5AE700C1882F /* KQYRecordIntakePage.h */,
				68B7679A279D5AE700C1882F /* KQYRecordIntakePage.m */,
				68B7679C279D5C1200C1882F /* KQYIntakeView.h */,
				68B7679D279D5C1200C1882F /* KQYIntakeView.m */,
				68B767A2279D5E4400C1882F /* KQYIntakeViewModel.h */,
				68B767A3279D5E4400C1882F /* KQYIntakeViewModel.m */,
				68B7679F279D5DA100C1882F /* KQYIntakeTableViewCell.h */,
				68B767A0279D5DA100C1882F /* KQYIntakeTableViewCell.m */,
			);
			path = recordIntake;
			sourceTree = "<group>";
		};
		68B76798279D5AB500C1882F /* personCenter */ = {
			isa = PBXGroup;
			children = (
			);
			path = personCenter;
			sourceTree = "<group>";
		};
/* End PBXGroup section */

/* Begin PBXNativeTarget section */
		6876EA95279D367600519CA0 /* KeepQuantizeYourself */ = {
			isa = PBXNativeTarget;
			buildConfigurationList = 6876EAC5279D367800519CA0 /* Build configuration list for PBXNativeTarget "KeepQuantizeYourself" */;
			buildPhases = (
				62D31E37C2EBDBFD94DC67D2 /* [CP] Check Pods Manifest.lock */,
				6876EA92279D367600519CA0 /* Sources */,
				6876EA93279D367600519CA0 /* Frameworks */,
				6876EA94279D367600519CA0 /* Resources */,
				81BBCAF45F0A43B520BB220E /* [CP] Embed Pods Frameworks */,
			);
			buildRules = (
			);
			dependencies = (
			);
			name = KeepQuantizeYourself;
			productName = KeepQuantizeYourself;
			productReference = 6876EA96279D367600519CA0 /* KeepQuantizeYourself.app */;
			productType = "com.apple.product-type.application";
		};
		6876EAB0279D367800519CA0 /* KeepQuantizeYourselfTests */ = {
			isa = PBXNativeTarget;
			buildConfigurationList = 6876EAC8279D367800519CA0 /* Build configuration list for PBXNativeTarget "KeepQuantizeYourselfTests" */;
			buildPhases = (
				F1DE36CDEE5A054E6358416F /* [CP] Check Pods Manifest.lock */,
				6876EAAD279D367800519CA0 /* Sources */,
				6876EAAE279D367800519CA0 /* Frameworks */,
				6876EAAF279D367800519CA0 /* Resources */,
			);
			buildRules = (
			);
			dependencies = (
				6876EAB3279D367800519CA0 /* PBXTargetDependency */,
			);
			name = KeepQuantizeYourselfTests;
			productName = KeepQuantizeYourselfTests;
			productReference = 6876EAB1279D367800519CA0 /* KeepQuantizeYourselfTests.xctest */;
			productType = "com.apple.product-type.bundle.unit-test";
		};
		6876EABA279D367800519CA0 /* KeepQuantizeYourselfUITests */ = {
			isa = PBXNativeTarget;
			buildConfigurationList = 6876EACB279D367800519CA0 /* Build configuration list for PBXNativeTarget "KeepQuantizeYourselfUITests" */;
			buildPhases = (
				5D6111B1989353227329782B /* [CP] Check Pods Manifest.lock */,
				6876EAB7279D367800519CA0 /* Sources */,
				6876EAB8279D367800519CA0 /* Frameworks */,
				6876EAB9279D367800519CA0 /* Resources */,
				668D3E5BAEC093330954F1A9 /* [CP] Embed Pods Frameworks */,
			);
			buildRules = (
			);
			dependencies = (
				6876EABD279D367800519CA0 /* PBXTargetDependency */,
			);
			name = KeepQuantizeYourselfUITests;
			productName = KeepQuantizeYourselfUITests;
			productReference = 6876EABB279D367800519CA0 /* KeepQuantizeYourselfUITests.xctest */;
			productType = "com.apple.product-type.bundle.ui-testing";
		};
/* End PBXNativeTarget section */

/* Begin PBXProject section */
		6876EA8E279D367600519CA0 /* Project object */ = {
			isa = PBXProject;
			attributes = {
				BuildIndependentTargetsInParallel = 1;
				CLASSPREFIX = KQY;
				LastUpgradeCheck = 1320;
				ORGANIZATIONNAME = www.kangqingyu.com;
				TargetAttributes = {
					6876EA95279D367600519CA0 = {
						CreatedOnToolsVersion = 13.2.1;
					};
					6876EAB0279D367800519CA0 = {
						CreatedOnToolsVersion = 13.2.1;
						TestTargetID = 6876EA95279D367600519CA0;
					};
					6876EABA279D367800519CA0 = {
						CreatedOnToolsVersion = 13.2.1;
						TestTargetID = 6876EA95279D367600519CA0;
					};
				};
			};
			buildConfigurationList = 6876EA91279D367600519CA0 /* Build configuration list for PBXProject "KeepQuantizeYourself" */;
			compatibilityVersion = "Xcode 13.0";
			developmentRegion = en;
			hasScannedForEncodings = 0;
			knownRegions = (
				en,
				Base,
			);
			mainGroup = 6876EA8D279D367600519CA0;
			productRefGroup = 6876EA97279D367600519CA0 /* Products */;
			projectDirPath = "";
			projectRoot = "";
			targets = (
				6876EA95279D367600519CA0 /* KeepQuantizeYourself */,
				6876EAB0279D367800519CA0 /* KeepQuantizeYourselfTests */,
				6876EABA279D367800519CA0 /* KeepQuantizeYourselfUITests */,
			);
		};
/* End PBXProject section */

/* Begin PBXResourcesBuildPhase section */
		6876EA94279D367600519CA0 /* Resources */ = {
			isa = PBXResourcesBuildPhase;
			buildActionMask = 2147483647;
			files = (
				6876EAA9279D367800519CA0 /* LaunchScreen.storyboard in Resources */,
				6876EAA6279D367800519CA0 /* Assets.xcassets in Resources */,
				6876EAA4279D367600519CA0 /* Main.storyboard in Resources */,
			);
			runOnlyForDeploymentPostprocessing = 0;
		};
		6876EAAF279D367800519CA0 /* Resources */ = {
			isa = PBXResourcesBuildPhase;
			buildActionMask = 2147483647;
			files = (
			);
			runOnlyForDeploymentPostprocessing = 0;
		};
		6876EAB9279D367800519CA0 /* Resources */ = {
			isa = PBXResourcesBuildPhase;
			buildActionMask = 2147483647;
			files = (
			);
			runOnlyForDeploymentPostprocessing = 0;
		};
/* End PBXResourcesBuildPhase section */

/* Begin PBXShellScriptBuildPhase section */
		5D6111B1989353227329782B /* [CP] Check Pods Manifest.lock */ = {
			isa = PBXShellScriptBuildPhase;
			buildActionMask = 2147483647;
			files = (
			);
			inputFileListPaths = (
			);
			inputPaths = (
				"${PODS_PODFILE_DIR_PATH}/Podfile.lock",
				"${PODS_ROOT}/Manifest.lock",
			);
			name = "[CP] Check Pods Manifest.lock";
			outputFileListPaths = (
			);
			outputPaths = (
				"$(DERIVED_FILE_DIR)/Pods-KeepQuantizeYourself-KeepQuantizeYourselfUITests-checkManifestLockResult.txt",
			);
			runOnlyForDeploymentPostprocessing = 0;
			shellPath = /bin/sh;
			shellScript = "diff \"${PODS_PODFILE_DIR_PATH}/Podfile.lock\" \"${PODS_ROOT}/Manifest.lock\" > /dev/null\nif [ $? != 0 ] ; then\n    # print error to STDERR\n    echo \"error: The sandbox is not in sync with the Podfile.lock. Run 'pod install' or update your CocoaPods installation.\" >&2\n    exit 1\nfi\n# This output is used by Xcode 'outputs' to avoid re-running this script phase.\necho \"SUCCESS\" > \"${SCRIPT_OUTPUT_FILE_0}\"\n";
			showEnvVarsInLog = 0;
		};
		62D31E37C2EBDBFD94DC67D2 /* [CP] Check Pods Manifest.lock */ = {
			isa = PBXShellScriptBuildPhase;
			buildActionMask = 2147483647;
			files = (
			);
			inputFileListPaths = (
			);
			inputPaths = (
				"${PODS_PODFILE_DIR_PATH}/Podfile.lock",
				"${PODS_ROOT}/Manifest.lock",
			);
			name = "[CP] Check Pods Manifest.lock";
			outputFileListPaths = (
			);
			outputPaths = (
				"$(DERIVED_FILE_DIR)/Pods-KeepQuantizeYourself-checkManifestLockResult.txt",
			);
			runOnlyForDeploymentPostprocessing = 0;
			shellPath = /bin/sh;
			shellScript = "diff \"${PODS_PODFILE_DIR_PATH}/Podfile.lock\" \"${PODS_ROOT}/Manifest.lock\" > /dev/null\nif [ $? != 0 ] ; then\n    # print error to STDERR\n    echo \"error: The sandbox is not in sync with the Podfile.lock. Run 'pod install' or update your CocoaPods installation.\" >&2\n    exit 1\nfi\n# This output is used by Xcode 'outputs' to avoid re-running this script phase.\necho \"SUCCESS\" > \"${SCRIPT_OUTPUT_FILE_0}\"\n";
			showEnvVarsInLog = 0;
		};
		668D3E5BAEC093330954F1A9 /* [CP] Embed Pods Frameworks */ = {
			isa = PBXShellScriptBuildPhase;
			buildActionMask = 2147483647;
			files = (
			);
			inputFileListPaths = (
				"${PODS_ROOT}/Target Support Files/Pods-KeepQuantizeYourself-KeepQuantizeYourselfUITests/Pods-KeepQuantizeYourself-KeepQuantizeYourselfUITests-frameworks-${CONFIGURATION}-input-files.xcfilelist",
			);
			name = "[CP] Embed Pods Frameworks";
			outputFileListPaths = (
				"${PODS_ROOT}/Target Support Files/Pods-KeepQuantizeYourself-KeepQuantizeYourselfUITests/Pods-KeepQuantizeYourself-KeepQuantizeYourselfUITests-frameworks-${CONFIGURATION}-output-files.xcfilelist",
			);
			runOnlyForDeploymentPostprocessing = 0;
			shellPath = /bin/sh;
			shellScript = "\"${PODS_ROOT}/Target Support Files/Pods-KeepQuantizeYourself-KeepQuantizeYourselfUITests/Pods-KeepQuantizeYourself-KeepQuantizeYourselfUITests-frameworks.sh\"\n";
			showEnvVarsInLog = 0;
		};
		81BBCAF45F0A43B520BB220E /* [CP] Embed Pods Frameworks */ = {
			isa = PBXShellScriptBuildPhase;
			buildActionMask = 2147483647;
			files = (
			);
			inputFileListPaths = (
				"${PODS_ROOT}/Target Support Files/Pods-KeepQuantizeYourself/Pods-KeepQuantizeYourself-frameworks-${CONFIGURATION}-input-files.xcfilelist",
			);
			name = "[CP] Embed Pods Frameworks";
			outputFileListPaths = (
				"${PODS_ROOT}/Target Support Files/Pods-KeepQuantizeYourself/Pods-KeepQuantizeYourself-frameworks-${CONFIGURATION}-output-files.xcfilelist",
			);
			runOnlyForDeploymentPostprocessing = 0;
			shellPath = /bin/sh;
			shellScript = "\"${PODS_ROOT}/Target Support Files/Pods-KeepQuantizeYourself/Pods-KeepQuantizeYourself-frameworks.sh\"\n";
			showEnvVarsInLog = 0;
		};
		F1DE36CDEE5A054E6358416F /* [CP] Check Pods Manifest.lock */ = {
			isa = PBXShellScriptBuildPhase;
			buildActionMask = 2147483647;
			files = (
			);
			inputFileListPaths = (
			);
			inputPaths = (
				"${PODS_PODFILE_DIR_PATH}/Podfile.lock",
				"${PODS_ROOT}/Manifest.lock",
			);
			name = "[CP] Check Pods Manifest.lock";
			outputFileListPaths = (
			);
			outputPaths = (
				"$(DERIVED_FILE_DIR)/Pods-KeepQuantizeYourselfTests-checkManifestLockResult.txt",
			);
			runOnlyForDeploymentPostprocessing = 0;
			shellPath = /bin/sh;
			shellScript = "diff \"${PODS_PODFILE_DIR_PATH}/Podfile.lock\" \"${PODS_ROOT}/Manifest.lock\" > /dev/null\nif [ $? != 0 ] ; then\n    # print error to STDERR\n    echo \"error: The sandbox is not in sync with the Podfile.lock. Run 'pod install' or update your CocoaPods installation.\" >&2\n    exit 1\nfi\n# This output is used by Xcode 'outputs' to avoid re-running this script phase.\necho \"SUCCESS\" > \"${SCRIPT_OUTPUT_FILE_0}\"\n";
			showEnvVarsInLog = 0;
		};
/* End PBXShellScriptBuildPhase section */

/* Begin PBXSourcesBuildPhase section */
		6876EA92279D367600519CA0 /* Sources */ = {
			isa = PBXSourcesBuildPhase;
			buildActionMask = 2147483647;
			files = (
				6876EAA1279D367600519CA0 /* ViewController.m in Sources */,
				68B7679B279D5AE700C1882F /* KQYRecordIntakePage.m in Sources */,
				68B7679E279D5C1200C1882F /* KQYIntakeView.m in Sources */,
				6876EA9B279D367600519CA0 /* AppDelegate.m in Sources */,
				68B767A4279D5E4500C1882F /* KQYIntakeViewModel.m in Sources */,
				68B767A1279D5DA100C1882F /* KQYIntakeTableViewCell.m in Sources */,
				6876EAAC279D367800519CA0 /* main.m in Sources */,
				6876EA9E279D367600519CA0 /* SceneDelegate.m in Sources */,
			);
			runOnlyForDeploymentPostprocessing = 0;
		};
		6876EAAD279D367800519CA0 /* Sources */ = {
			isa = PBXSourcesBuildPhase;
			buildActionMask = 2147483647;
			files = (
				6876EAB6279D367800519CA0 /* KeepQuantizeYourselfTests.m in Sources */,
			);
			runOnlyForDeploymentPostprocessing = 0;
		};
		6876EAB7279D367800519CA0 /* Sources */ = {
			isa = PBXSourcesBuildPhase;
			buildActionMask = 2147483647;
			files = (
				6876EAC0279D367800519CA0 /* KeepQuantizeYourselfUITests.m in Sources */,
				6876EAC2279D367800519CA0 /* KeepQuantizeYourselfUITestsLaunchTests.m in Sources */,
			);
			runOnlyForDeploymentPostprocessing = 0;
		};
/* End PBXSourcesBuildPhase section */

/* Begin PBXTargetDependency section */
		6876EAB3279D367800519CA0 /* PBXTargetDependency */ = {
			isa = PBXTargetDependency;
			target = 6876EA95279D367600519CA0 /* KeepQuantizeYourself */;
			targetProxy = 6876EAB2279D367800519CA0 /* PBXContainerItemProxy */;
		};
		6876EABD279D367800519CA0 /* PBXTargetDependency */ = {
			isa = PBXTargetDependency;
			target = 6876EA95279D367600519CA0 /* KeepQuantizeYourself */;
			targetProxy = 6876EABC279D367800519CA0 /* PBXContainerItemProxy */;
		};
/* End PBXTargetDependency section */

/* Begin PBXVariantGroup section */
		6876EAA2279D367600519CA0 /* Main.storyboard */ = {
			isa = PBXVariantGroup;
			children = (
				6876EAA3279D367600519CA0 /* Base */,
			);
			name = Main.storyboard;
			sourceTree = "<group>";
		};
		6876EAA7279D367800519CA0 /* LaunchScreen.storyboard */ = {
			isa = PBXVariantGroup;
			children = (
				6876EAA8279D367800519CA0 /* Base */,
			);
			name = LaunchScreen.storyboard;
			sourceTree = "<group>";
		};
/* End PBXVariantGroup section */

/* Begin XCBuildConfiguration section */
		6876EAC3279D367800519CA0 /* Debug */ = {
			isa = XCBuildConfiguration;
			buildSettings = {
				ALWAYS_SEARCH_USER_PATHS = NO;
				CLANG_ANALYZER_NONNULL = YES;
				CLANG_ANALYZER_NUMBER_OBJECT_CONVERSION = YES_AGGRESSIVE;
				CLANG_CXX_LANGUAGE_STANDARD = "gnu++17";
				CLANG_CXX_LIBRARY = "libc++";
				CLANG_ENABLE_MODULES = YES;
				CLANG_ENABLE_OBJC_ARC = YES;
				CLANG_ENABLE_OBJC_WEAK = YES;
				CLANG_WARN_BLOCK_CAPTURE_AUTORELEASING = YES;
				CLANG_WARN_BOOL_CONVERSION = YES;
				CLANG_WARN_COMMA = YES;
				CLANG_WARN_CONSTANT_CONVERSION = YES;
				CLANG_WARN_DEPRECATED_OBJC_IMPLEMENTATIONS = YES;
				CLANG_WARN_DIRECT_OBJC_ISA_USAGE = YES_ERROR;
				CLANG_WARN_DOCUMENTATION_COMMENTS = YES;
				CLANG_WARN_EMPTY_BODY = YES;
				CLANG_WARN_ENUM_CONVERSION = YES;
				CLANG_WARN_INFINITE_RECURSION = YES;
				CLANG_WARN_INT_CONVERSION = YES;
				CLANG_WARN_NON_LITERAL_NULL_CONVERSION = YES;
				CLANG_WARN_OBJC_IMPLICIT_RETAIN_SELF = YES;
				CLANG_WARN_OBJC_LITERAL_CONVERSION = YES;
				CLANG_WARN_OBJC_ROOT_CLASS = YES_ERROR;
				CLANG_WARN_QUOTED_INCLUDE_IN_FRAMEWORK_HEADER = YES;
				CLANG_WARN_RANGE_LOOP_ANALYSIS = YES;
				CLANG_WARN_STRICT_PROTOTYPES = YES;
				CLANG_WARN_SUSPICIOUS_MOVE = YES;
				CLANG_WARN_UNGUARDED_AVAILABILITY = YES_AGGRESSIVE;
				CLANG_WARN_UNREACHABLE_CODE = YES;
				CLANG_WARN__DUPLICATE_METHOD_MATCH = YES;
				COPY_PHASE_STRIP = NO;
				DEBUG_INFORMATION_FORMAT = dwarf;
				ENABLE_STRICT_OBJC_MSGSEND = YES;
				ENABLE_TESTABILITY = YES;
				GCC_C_LANGUAGE_STANDARD = gnu11;
				GCC_DYNAMIC_NO_PIC = NO;
				GCC_NO_COMMON_BLOCKS = YES;
				GCC_OPTIMIZATION_LEVEL = 0;
				GCC_PREPROCESSOR_DEFINITIONS = (
					"DEBUG=1",
					"$(inherited)",
				);
				GCC_WARN_64_TO_32_BIT_CONVERSION = YES;
				GCC_WARN_ABOUT_RETURN_TYPE = YES_ERROR;
				GCC_WARN_UNDECLARED_SELECTOR = YES;
				GCC_WARN_UNINITIALIZED_AUTOS = YES_AGGRESSIVE;
				GCC_WARN_UNUSED_FUNCTION = YES;
				GCC_WARN_UNUSED_VARIABLE = YES;
				IPHONEOS_DEPLOYMENT_TARGET = 15.2;
				MTL_ENABLE_DEBUG_INFO = INCLUDE_SOURCE;
				MTL_FAST_MATH = YES;
				ONLY_ACTIVE_ARCH = YES;
				SDKROOT = iphoneos;
			};
			name = Debug;
		};
		6876EAC4279D367800519CA0 /* Release */ = {
			isa = XCBuildConfiguration;
			buildSettings = {
				ALWAYS_SEARCH_USER_PATHS = NO;
				CLANG_ANALYZER_NONNULL = YES;
				CLANG_ANALYZER_NUMBER_OBJECT_CONVERSION = YES_AGGRESSIVE;
				CLANG_CXX_LANGUAGE_STANDARD = "gnu++17";
				CLANG_CXX_LIBRARY = "libc++";
				CLANG_ENABLE_MODULES = YES;
				CLANG_ENABLE_OBJC_ARC = YES;
				CLANG_ENABLE_OBJC_WEAK = YES;
				CLANG_WARN_BLOCK_CAPTURE_AUTORELEASING = YES;
				CLANG_WARN_BOOL_CONVERSION = YES;
				CLANG_WARN_COMMA = YES;
				CLANG_WARN_CONSTANT_CONVERSION = YES;
				CLANG_WARN_DEPRECATED_OBJC_IMPLEMENTATIONS = YES;
				CLANG_WARN_DIRECT_OBJC_ISA_USAGE = YES_ERROR;
				CLANG_WARN_DOCUMENTATION_COMMENTS = YES;
				CLANG_WARN_EMPTY_BODY = YES;
				CLANG_WARN_ENUM_CONVERSION = YES;
				CLANG_WARN_INFINITE_RECURSION = YES;
				CLANG_WARN_INT_CONVERSION = YES;
				CLANG_WARN_NON_LITERAL_NULL_CONVERSION = YES;
				CLANG_WARN_OBJC_IMPLICIT_RETAIN_SELF = YES;
				CLANG_WARN_OBJC_LITERAL_CONVERSION = YES;
				CLANG_WARN_OBJC_ROOT_CLASS = YES_ERROR;
				CLANG_WARN_QUOTED_INCLUDE_IN_FRAMEWORK_HEADER = YES;
				CLANG_WARN_RANGE_LOOP_ANALYSIS = YES;
				CLANG_WARN_STRICT_PROTOTYPES = YES;
				CLANG_WARN_SUSPICIOUS_MOVE = YES;
				CLANG_WARN_UNGUARDED_AVAILABILITY = YES_AGGRESSIVE;
				CLANG_WARN_UNREACHABLE_CODE = YES;
				CLANG_WARN__DUPLICATE_METHOD_MATCH = YES;
				COPY_PHASE_STRIP = NO;
				DEBUG_INFORMATION_FORMAT = "dwarf-with-dsym";
				ENABLE_NS_ASSERTIONS = NO;
				ENABLE_STRICT_OBJC_MSGSEND = YES;
				GCC_C_LANGUAGE_STANDARD = gnu11;
				GCC_NO_COMMON_BLOCKS = YES;
				GCC_WARN_64_TO_32_BIT_CONVERSION = YES;
				GCC_WARN_ABOUT_RETURN_TYPE = YES_ERROR;
				GCC_WARN_UNDECLARED_SELECTOR = YES;
				GCC_WARN_UNINITIALIZED_AUTOS = YES_AGGRESSIVE;
				GCC_WARN_UNUSED_FUNCTION = YES;
				GCC_WARN_UNUSED_VARIABLE = YES;
				IPHONEOS_DEPLOYMENT_TARGET = 15.2;
				MTL_ENABLE_DEBUG_INFO = NO;
				MTL_FAST_MATH = YES;
				SDKROOT = iphoneos;
				VALIDATE_PRODUCT = YES;
			};
			name = Release;
		};
		6876EAC6279D367800519CA0 /* Debug */ = {
			isa = XCBuildConfiguration;
			baseConfigurationReference = D17E1A84457774520C4D77C7 /* Pods-KeepQuantizeYourself.debug.xcconfig */;
			buildSettings = {
				ASSETCATALOG_COMPILER_APPICON_NAME = AppIcon;
				ASSETCATALOG_COMPILER_GLOBAL_ACCENT_COLOR_NAME = AccentColor;
				CODE_SIGN_STYLE = Automatic;
				CURRENT_PROJECT_VERSION = 1;
				DEVELOPMENT_TEAM = 3M5S77SXDS;
				GENERATE_INFOPLIST_FILE = YES;
				INFOPLIST_FILE = KeepQuantizeYourself/Info.plist;
				INFOPLIST_KEY_UIApplicationSupportsIndirectInputEvents = YES;
				INFOPLIST_KEY_UILaunchStoryboardName = LaunchScreen;
				INFOPLIST_KEY_UIMainStoryboardFile = Main;
				INFOPLIST_KEY_UISupportedInterfaceOrientations_iPad = "UIInterfaceOrientationPortrait UIInterfaceOrientationPortraitUpsideDown UIInterfaceOrientationLandscapeLeft UIInterfaceOrientationLandscapeRight";
				INFOPLIST_KEY_UISupportedInterfaceOrientations_iPhone = "UIInterfaceOrientationPortrait UIInterfaceOrientationLandscapeLeft UIInterfaceOrientationLandscapeRight";
				LD_RUNPATH_SEARCH_PATHS = (
					"$(inherited)",
					"@executable_path/Frameworks",
				);
				MARKETING_VERSION = 1.0;
				PRODUCT_BUNDLE_IDENTIFIER = com.kangqingyu.food.KeepQuantizeYourself;
				PRODUCT_NAME = "$(TARGET_NAME)";
				SWIFT_EMIT_LOC_STRINGS = YES;
				TARGETED_DEVICE_FAMILY = "1,2";
			};
			name = Debug;
		};
		6876EAC7279D367800519CA0 /* Release */ = {
			isa = XCBuildConfiguration;
			baseConfigurationReference = 764FD9F08B06901D7CDA5DAA /* Pods-KeepQuantizeYourself.release.xcconfig */;
			buildSettings = {
				ASSETCATALOG_COMPILER_APPICON_NAME = AppIcon;
				ASSETCATALOG_COMPILER_GLOBAL_ACCENT_COLOR_NAME = AccentColor;
				CODE_SIGN_STYLE = Automatic;
				CURRENT_PROJECT_VERSION = 1;
				DEVELOPMENT_TEAM = 3M5S77SXDS;
				GENERATE_INFOPLIST_FILE = YES;
				INFOPLIST_FILE = KeepQuantizeYourself/Info.plist;
				INFOPLIST_KEY_UIApplicationSupportsIndirectInputEvents = YES;
				INFOPLIST_KEY_UILaunchStoryboardName = LaunchScreen;
				INFOPLIST_KEY_UIMainStoryboardFile = Main;
				INFOPLIST_KEY_UISupportedInterfaceOrientations_iPad = "UIInterfaceOrientationPortrait UIInterfaceOrientationPortraitUpsideDown UIInterfaceOrientationLandscapeLeft UIInterfaceOrientationLandscapeRight";
				INFOPLIST_KEY_UISupportedInterfaceOrientations_iPhone = "UIInterfaceOrientationPortrait UIInterfaceOrientationLandscapeLeft UIInterfaceOrientationLandscapeRight";
				LD_RUNPATH_SEARCH_PATHS = (
					"$(inherited)",
					"@executable_path/Frameworks",
				);
				MARKETING_VERSION = 1.0;
				PRODUCT_BUNDLE_IDENTIFIER = com.kangqingyu.food.KeepQuantizeYourself;
				PRODUCT_NAME = "$(TARGET_NAME)";
				SWIFT_EMIT_LOC_STRINGS = YES;
				TARGETED_DEVICE_FAMILY = "1,2";
			};
			name = Release;
		};
		6876EAC9279D367800519CA0 /* Debug */ = {
			isa = XCBuildConfiguration;
			baseConfigurationReference = 028630A2ABFC90C489D37DEB /* Pods-KeepQuantizeYourselfTests.debug.xcconfig */;
			buildSettings = {
				BUNDLE_LOADER = "$(TEST_HOST)";
				CODE_SIGN_STYLE = Automatic;
				CURRENT_PROJECT_VERSION = 1;
				DEVELOPMENT_TEAM = 3M5S77SXDS;
				GENERATE_INFOPLIST_FILE = YES;
				IPHONEOS_DEPLOYMENT_TARGET = 15.2;
				MARKETING_VERSION = 1.0;
				PRODUCT_BUNDLE_IDENTIFIER = com.kangqingyu.food.KeepQuantizeYourselfTests;
				PRODUCT_NAME = "$(TARGET_NAME)";
				SWIFT_EMIT_LOC_STRINGS = NO;
				TARGETED_DEVICE_FAMILY = "1,2";
				TEST_HOST = "$(BUILT_PRODUCTS_DIR)/KeepQuantizeYourself.app/KeepQuantizeYourself";
			};
			name = Debug;
		};
		6876EACA279D367800519CA0 /* Release */ = {
			isa = XCBuildConfiguration;
			baseConfigurationReference = F91C0D2B01534128008CC3F3 /* Pods-KeepQuantizeYourselfTests.release.xcconfig */;
			buildSettings = {
				BUNDLE_LOADER = "$(TEST_HOST)";
				CODE_SIGN_STYLE = Automatic;
				CURRENT_PROJECT_VERSION = 1;
				DEVELOPMENT_TEAM = 3M5S77SXDS;
				GENERATE_INFOPLIST_FILE = YES;
				IPHONEOS_DEPLOYMENT_TARGET = 15.2;
				MARKETING_VERSION = 1.0;
				PRODUCT_BUNDLE_IDENTIFIER = com.kangqingyu.food.KeepQuantizeYourselfTests;
				PRODUCT_NAME = "$(TARGET_NAME)";
				SWIFT_EMIT_LOC_STRINGS = NO;
				TARGETED_DEVICE_FAMILY = "1,2";
				TEST_HOST = "$(BUILT_PRODUCTS_DIR)/KeepQuantizeYourself.app/KeepQuantizeYourself";
			};
			name = Release;
		};
		6876EACC279D367800519CA0 /* Debug */ = {
			isa = XCBuildConfiguration;
			baseConfigurationReference = F1175D9EC33C76A6A161F9B8 /* Pods-KeepQuantizeYourself-KeepQuantizeYourselfUITests.debug.xcconfig */;
			buildSettings = {
				CODE_SIGN_STYLE = Automatic;
				CURRENT_PROJECT_VERSION = 1;
				DEVELOPMENT_TEAM = 3M5S77SXDS;
				GENERATE_INFOPLIST_FILE = YES;
				MARKETING_VERSION = 1.0;
				PRODUCT_BUNDLE_IDENTIFIER = com.kangqingyu.food.KeepQuantizeYourselfUITests;
				PRODUCT_NAME = "$(TARGET_NAME)";
				SWIFT_EMIT_LOC_STRINGS = NO;
				TARGETED_DEVICE_FAMILY = "1,2";
				TEST_TARGET_NAME = KeepQuantizeYourself;
			};
			name = Debug;
		};
		6876EACD279D367800519CA0 /* Release */ = {
			isa = XCBuildConfiguration;
			baseConfigurationReference = 4611161EBDF3C52E775AB783 /* Pods-KeepQuantizeYourself-KeepQuantizeYourselfUITests.release.xcconfig */;
			buildSettings = {
				CODE_SIGN_STYLE = Automatic;
				CURRENT_PROJECT_VERSION = 1;
				DEVELOPMENT_TEAM = 3M5S77SXDS;
				GENERATE_INFOPLIST_FILE = YES;
				MARKETING_VERSION = 1.0;
				PRODUCT_BUNDLE_IDENTIFIER = com.kangqingyu.food.KeepQuantizeYourselfUITests;
				PRODUCT_NAME = "$(TARGET_NAME)";
				SWIFT_EMIT_LOC_STRINGS = NO;
				TARGETED_DEVICE_FAMILY = "1,2";
				TEST_TARGET_NAME = KeepQuantizeYourself;
			};
			name = Release;
		};
/* End XCBuildConfiguration section */

/* Begin XCConfigurationList section */
		6876EA91279D367600519CA0 /* Build configuration list for PBXProject "KeepQuantizeYourself" */ = {
			isa = XCConfigurationList;
			buildConfigurations = (
				6876EAC3279D367800519CA0 /* Debug */,
				6876EAC4279D367800519CA0 /* Release */,
			);
			defaultConfigurationIsVisible = 0;
			defaultConfigurationName = Release;
		};
		6876EAC5279D367800519CA0 /* Build configuration list for PBXNativeTarget "KeepQuantizeYourself" */ = {
			isa = XCConfigurationList;
			buildConfigurations = (
				6876EAC6279D367800519CA0 /* Debug */,
				6876EAC7279D367800519CA0 /* Release */,
			);
			defaultConfigurationIsVisible = 0;
			defaultConfigurationName = Release;
		};
		6876EAC8279D367800519CA0 /* Build configuration list for PBXNativeTarget "KeepQuantizeYourselfTests" */ = {
			isa = XCConfigurationList;
			buildConfigurations = (
				6876EAC9279D367800519CA0 /* Debug */,
				6876EACA279D367800519CA0 /* Release */,
			);
			defaultConfigurationIsVisible = 0;
			defaultConfigurationName = Release;
		};
		6876EACB279D367800519CA0 /* Build configuration list for PBXNativeTarget "KeepQuantizeYourselfUITests" */ = {
			isa = XCConfigurationList;
			buildConfigurations = (
				6876EACC279D367800519CA0 /* Debug */,
				6876EACD279D367800519CA0 /* Release */,
			);
			defaultConfigurationIsVisible = 0;
			defaultConfigurationName = Release;
		};
/* End XCConfigurationList section */
	};
	rootObject = 6876EA8E279D367600519CA0 /* Project object */;
}
